
Microsoft Visual Studio Solution File, Format Version 12.00
Project("{FAE04EC0-301F-11D3-BF4B-00C04F79EFBC}") = "CoffeeShop.Api", "CoffeeShop.Api\CoffeeShop.Api.csproj", "{5B75384C-D68E-43CC-95D7-D903391997E8}"
EndProject
Project("{FAE04EC0-301F-11D3-BF4B-00C04F79EFBC}") = "CoffeeShop.Domain", "CoffeeShop.Domain\CoffeeShop.Domain.csproj", "{C334CA04-6377-483F-AE33-8A0CD16C7353}"
EndProject
Project("{FAE04EC0-301F-11D3-BF4B-00C04F79EFBC}") = "CoffeeShop.DataAccess", "CoffeeShop.DataAccess\CoffeeShop.DataAccess.csproj", "{B084915B-B609-4649-9421-1AC92F3CE372}"
EndProject
Project("{FAE04EC0-301F-11D3-BF4B-00C04F79EFBC}") = "CoffeeShop.BusinessLogic", "CoffeeShop.BusinessLogic\CoffeeShop.BusinessLogic.csproj", "{68BBFC3F-CD96-4C6C-9203-37A7AA7A8436}"
EndProject
Project("{FAE04EC0-301F-11D3-BF4B-00C04F79EFBC}") = "CoffeeShop.Tests", "CoffeeShop.Tests\CoffeeShop.Tests.csproj", "{D87337D6-5644-4E46-9085-F5939E0BB67C}"
EndProject
Global
	GlobalSection(SolutionConfigurationPlatforms) = preSolution
		Debug|Any CPU = Debug|Any CPU
		Release|Any CPU = Release|Any CPU
	EndGlobalSection
	GlobalSection(ProjectConfigurationPlatforms) = postSolution
		{5B75384C-D68E-43CC-95D7-D903391997E8}.Debug|Any CPU.ActiveCfg = Debug|Any CPU
		{5B75384C-D68E-43CC-95D7-D903391997E8}.Debug|Any CPU.Build.0 = Debug|Any CPU
		{5B75384C-D68E-43CC-95D7-D903391997E8}.Release|Any CPU.ActiveCfg = Release|Any CPU
		{5B75384C-D68E-43CC-95D7-D903391997E8}.Release|Any CPU.Build.0 = Release|Any CPU
		{C334CA04-6377-483F-AE33-8A0CD16C7353}.Debug|Any CPU.ActiveCfg = Debug|Any CPU
		{C334CA04-6377-483F-AE33-8A0CD16C7353}.Debug|Any CPU.Build.0 = Debug|Any CPU
		{C334CA04-6377-483F-AE33-8A0CD16C7353}.Release|Any CPU.ActiveCfg = Release|Any CPU
		{C334CA04-6377-483F-AE33-8A0CD16C7353}.Release|Any CPU.Build.0 = Release|Any CPU
		{B084915B-B609-4649-9421-1AC92F3CE372}.Debug|Any CPU.ActiveCfg = Debug|Any CPU
		{B084915B-B609-4649-9421-1AC92F3CE372}.Debug|Any CPU.Build.0 = Debug|Any CPU
		{B084915B-B609-4649-9421-1AC92F3CE372}.Release|Any CPU.ActiveCfg = Release|Any CPU
		{B084915B-B609-4649-9421-1AC92F3CE372}.Release|Any CPU.Build.0 = Release|Any CPU
		{68BBFC3F-CD96-4C6C-9203-37A7AA7A8436}.Debug|Any CPU.ActiveCfg = Debug|Any CPU
		{68BBFC3F-CD96-4C6C-9203-37A7AA7A8436}.Debug|Any CPU.Build.0 = Debug|Any CPU
		{68BBFC3F-CD96-4C6C-9203-37A7AA7A8436}.Release|Any CPU.ActiveCfg = Release|Any CPU
		{68BBFC3F-CD96-4C6C-9203-37A7AA7A8436}.Release|Any CPU.Build.0 = Release|Any CPU
		{D87337D6-5644-4E46-9085-F5939E0BB67C}.Debug|Any CPU.ActiveCfg = Debug|Any CPU
		{D87337D6-5644-4E46-9085-F5939E0BB67C}.Debug|Any CPU.Build.0 = Debug|Any CPU
		{D87337D6-5644-4E46-9085-F5939E0BB67C}.Release|Any CPU.ActiveCfg = Release|Any CPU
		{D87337D6-5644-4E46-9085-F5939E0BB67C}.Release|Any CPU.Build.0 = Release|Any CPU
	EndGlobalSection
EndGlobal
