Microsoft Visual Studio Solution File, Format Version 12.00
Project("{9A19103F-16F7-4668-BE54-9A1E7A4F7556}") = "CoffeeShop.Api", "CoffeShop\CoffeeShop.Api\CoffeeShop.Api.csproj", "{6B87CDE5-0ED7-40B7-BA37-3C2138B7E3BB}"
EndProject
Project("{9A19103F-16F7-4668-BE54-9A1E7A4F7556}") = "CoffeeShop.BusinessLogic", "CoffeShop\CoffeeShop.BusinessLogic\CoffeeShop.BusinessLogic.csproj", "{E5991C27-98E8-4E3C-B5B9-B0529D8E21DD}"
EndProject
Project("{9A19103F-16F7-4668-BE54-9A1E7A4F7556}") = "CoffeeShop.DataAccess", "CoffeShop\CoffeeShop.DataAccess\CoffeeShop.DataAccess.csproj", "{13034F22-DFCC-4965-BC3B-4E031421F11B}"
EndProject
Project("{9A19103F-16F7-4668-BE54-9A1E7A4F7556}") = "CoffeeShop.Domain", "CoffeShop\CoffeeShop.Domain\CoffeeShop.Domain.csproj", "{8920DC52-94D8-4646-B798-2A40CC6FBF2B}"
EndProject
Project("{9A19103F-16F7-4668-BE54-9A1E7A4F7556}") = "CoffeeShop.Tests", "CoffeShop\CoffeeShop.Tests\CoffeeShop.Tests.csproj", "{EB0C85F2-F599-44E3-8943-9F7922FF8779}"
EndProject
Project("{2150E333-8FDC-42A3-9474-1A3956D46DE8}") = "CoffeShop", "CoffeShop", "{94E240C6-E552-4F23-9647-119B96FA5D02}"
EndProject
Global
	GlobalSection(SolutionConfigurationPlatforms) = preSolution
		Debug|Any CPU = Debug|Any CPU
		Release|Any CPU = Release|Any CPU
	EndGlobalSection
	GlobalSection(ProjectConfigurationPlatforms) = postSolution
		{6B87CDE5-0ED7-40B7-BA37-3C2138B7E3BB}.Debug|Any CPU.ActiveCfg = Debug|Any CPU
		{6B87CDE5-0ED7-40B7-BA37-3C2138B7E3BB}.Debug|Any CPU.Build.0 = Debug|Any CPU
		{6B87CDE5-0ED7-40B7-BA37-3C2138B7E3BB}.Release|Any CPU.ActiveCfg = Release|Any CPU
		{6B87CDE5-0ED7-40B7-BA37-3C2138B7E3BB}.Release|Any CPU.Build.0 = Release|Any CPU
		{E5991C27-98E8-4E3C-B5B9-B0529D8E21DD}.Debug|Any CPU.ActiveCfg = Debug|Any CPU
		{E5991C27-98E8-4E3C-B5B9-B0529D8E21DD}.Debug|Any CPU.Build.0 = Debug|Any CPU
		{E5991C27-98E8-4E3C-B5B9-B0529D8E21DD}.Release|Any CPU.ActiveCfg = Release|Any CPU
		{E5991C27-98E8-4E3C-B5B9-B0529D8E21DD}.Release|Any CPU.Build.0 = Release|Any CPU
		{13034F22-DFCC-4965-BC3B-4E031421F11B}.Debug|Any CPU.ActiveCfg = Debug|Any CPU
		{13034F22-DFCC-4965-BC3B-4E031421F11B}.Debug|Any CPU.Build.0 = Debug|Any CPU
		{13034F22-DFCC-4965-BC3B-4E031421F11B}.Release|Any CPU.ActiveCfg = Release|Any CPU
		{13034F22-DFCC-4965-BC3B-4E031421F11B}.Release|Any CPU.Build.0 = Release|Any CPU
		{8920DC52-94D8-4646-B798-2A40CC6FBF2B}.Debug|Any CPU.ActiveCfg = Debug|Any CPU
		{8920DC52-94D8-4646-B798-2A40CC6FBF2B}.Debug|Any CPU.Build.0 = Debug|Any CPU
		{8920DC52-94D8-4646-B798-2A40CC6FBF2B}.Release|Any CPU.ActiveCfg = Release|Any CPU
		{8920DC52-94D8-4646-B798-2A40CC6FBF2B}.Release|Any CPU.Build.0 = Release|Any CPU
		{EB0C85F2-F599-44E3-8943-9F7922FF8779}.Debug|Any CPU.ActiveCfg = Debug|Any CPU
		{EB0C85F2-F599-44E3-8943-9F7922FF8779}.Debug|Any CPU.Build.0 = Debug|Any CPU
		{EB0C85F2-F599-44E3-8943-9F7922FF8779}.Release|Any CPU.ActiveCfg = Release|Any CPU
		{EB0C85F2-F599-44E3-8943-9F7922FF8779}.Release|Any CPU.Build.0 = Release|Any CPU
	EndGlobalSection
	GlobalSection(SolutionProperties) = preSolution
		HideSolutionNode = FALSE
	EndGlobalSection
	GlobalSection(NestedProjects) = preSolution
	EndGlobalSection
	GlobalSection(ExtensibilityGlobals) = postSolution
		SolutionGuid = {A3033A19-D3D2-4C5B-AD1C-A9D5DD309C0B}
	EndGlobalSection
EndGlobal
